{
  "originHash" : "d0a28a8d690e9c52fbd32f03460e09b262290987b4dcd3aeff8bcdcd47184334",
  "pins" : [
    {
      "identity" : "radix-ui-swift",
      "kind" : "remoteSourceControl",
      "location" : "https://github.com/amirsaam/Radix-UI-Swift",
      "state" : {
        "revision" : "f6b68e9e6c620e45fa10e631c86df9935440927f",
        "version" : "0.17.0"
      }
    },
    {
      "identity" : "zipfoundation",
      "kind" : "remoteSourceControl",
      "location" : "https://github.com/weichsel/ZIPFoundation",
      "state" : {
        "revision" : "22787ffb59de99e5dc1fbfe80b19c97a904ad48d",
        "version" : "0.9.20"
      }
    }
  ],
  "version" : 3
}
